
Microsoft Visual Studio Solution File, Format Version 12.00
# Visual Studio Version 17
VisualStudioVersion = 17.8.34330.188
MinimumVisualStudioVersion = 10.0.40219.1
Project("{FAE04EC0-301F-11D3-BF4B-00C04F79EFBC}") = "UD5T2", "UD5T2.csproj", "{32DF836A-4706-4F0D-9090-D88837790B85}"
EndProject
Global
	GlobalSection(SolutionConfigurationPlatforms) = preSolution
		Debug|Any CPU = Debug|Any CPU
		Release|Any CPU = Release|Any CPU
	EndGlobalSection
	GlobalSection(ProjectConfigurationPlatforms) = postSolution
		{32DF836A-4706-4F0D-9090-D88837790B85}.Debug|Any CPU.ActiveCfg = Debug|Any CPU
		{32DF836A-4706-4F0D-9090-D88837790B85}.Debug|Any CPU.Build.0 = Debug|Any CPU
		{32DF836A-4706-4F0D-9090-D88837790B85}.Debug|Any CPU.Deploy.0 = Debug|Any CPU
		{32DF836A-4706-4F0D-9090-D88837790B85}.Release|Any CPU.ActiveCfg = Release|Any CPU
		{32DF836A-4706-4F0D-9090-D88837790B85}.Release|Any CPU.Build.0 = Release|Any CPU
		{32DF836A-4706-4F0D-9090-D88837790B85}.Release|Any CPU.Deploy.0 = Release|Any CPU
	EndGlobalSection
	GlobalSection(SolutionProperties) = preSolution
		HideSolutionNode = FALSE
	EndGlobalSection
	GlobalSection(ExtensibilityGlobals) = postSolution
		SolutionGuid = {D77D6EC7-02C0-46E4-A504-703CA547B96F}
	EndGlobalSection
EndGlobal
